
Microsoft Visual Studio Solution File, Format Version 12.00
# Visual Studio Version 16
VisualStudioVersion = 16.0.30503.244
MinimumVisualStudioVersion = 10.0.40219.1
Project("{FAE04EC0-301F-11D3-BF4B-00C04F79EFBC}") = "CompanyNine", "CompanyNine.csproj", "{74BAAA28-67F3-4E51-8330-0AF96A655DD3}"
EndProject
Global
	GlobalSection(SolutionConfigurationPlatforms) = preSolution
		Debug|Any CPU = Debug|Any CPU
		Release|Any CPU = Release|Any CPU
	EndGlobalSection
	GlobalSection(ProjectConfigurationPlatforms) = postSolution
		{74BAAA28-67F3-4E51-8330-0AF96A655DD3}.Debug|Any CPU.ActiveCfg = Debug|Any CPU
		{74BAAA28-67F3-4E51-8330-0AF96A655DD3}.Debug|Any CPU.Build.0 = Debug|Any CPU
		{74BAAA28-67F3-4E51-8330-0AF96A655DD3}.Release|Any CPU.ActiveCfg = Release|Any CPU
		{74BAAA28-67F3-4E51-8330-0AF96A655DD3}.Release|Any CPU.Build.0 = Release|Any CPU
	EndGlobalSection
	GlobalSection(SolutionProperties) = preSolution
		HideSolutionNode = FALSE
	EndGlobalSection
	GlobalSection(ExtensibilityGlobals) = postSolution
		SolutionGuid = {9F859F35-7E62-4535-A7F9-2AC651D1E02B}
	EndGlobalSection
EndGlobal
